
Microsoft Visual Studio Solution File, Format Version 12.00
# Visual Studio Version 17
VisualStudioVersion = 17.9.34728.123
MinimumVisualStudioVersion = 10.0.40219.1
Project("{FAE04EC0-301F-11D3-BF4B-00C04F79EFBC}") = "CALC", "CALC\CALC.csproj", "{996CF3C6-ED5B-41BD-93BB-96444008E014}"
EndProject
Global
	GlobalSection(SolutionConfigurationPlatforms) = preSolution
		Debug|Any CPU = Debug|Any CPU
		Release|Any CPU = Release|Any CPU
	EndGlobalSection
	GlobalSection(ProjectConfigurationPlatforms) = postSolution
		{996CF3C6-ED5B-41BD-93BB-96444008E014}.Debug|Any CPU.ActiveCfg = Debug|Any CPU
		{996CF3C6-ED5B-41BD-93BB-96444008E014}.Debug|Any CPU.Build.0 = Debug|Any CPU
		{996CF3C6-ED5B-41BD-93BB-96444008E014}.Release|Any CPU.ActiveCfg = Release|Any CPU
		{996CF3C6-ED5B-41BD-93BB-96444008E014}.Release|Any CPU.Build.0 = Release|Any CPU
	EndGlobalSection
	GlobalSection(SolutionProperties) = preSolution
		HideSolutionNode = FALSE
	EndGlobalSection
	GlobalSection(ExtensibilityGlobals) = postSolution
		SolutionGuid = {C90A15C7-A7D4-4EB0-BE54-34CB559FE0A1}
	EndGlobalSection
EndGlobal
